<?xml version="1.0" encoding="utf-8"?>
<Project ToolsVersion="4.0" xmlns="http://schemas.microsoft.com/developer/msbuild/2003">
  <ItemGroup>
    <Filter Include="Resource Files">
      <UniqueIdentifier>{67DA6AB6-F800-4c08-8B7A-83BB121AAD01}</UniqueIdentifier>
      <Extensions>rc;ico;cur;bmp;dlg;rc2;rct;bin;rgs;gif;jpg;jpeg;jpe;resx;tiff;tif;png;wav;mfcribbon-ms</Extensions>
    </Filter>
    <Filter Include="Logger">
      <UniqueIdentifier>{4256a0c5-0be0-46c6-bcfd-39cc44623b4f}</UniqueIdentifier>
    </Filter>
    <Filter Include="Network">
      <UniqueIdentifier>{388d20da-933a-48cc-8e4f-908d3ebd8629}</UniqueIdentifier>
    </Filter>
    <Filter Include="MessageProcessors">
      <UniqueIdentifier>{90cb0f76-d88c-40bf-bf4b-4f66d2e80834}</UniqueIdentifier>
    </Filter>
    <Filter Include="RTSP">
      <UniqueIdentifier>{5847d747-49f7-4f30-aa89-97fe4e199521}</UniqueIdentifier>
    </Filter>
  </ItemGroup>
  <ItemGroup>
    <ClInclude Include="framework.h" />
    <ClInclude Include="pch.h" />
    <ClInclude Include="Logger\LoggerFactory.h">
      <Filter>Logger</Filter>
    </ClInclude>
    <ClInclude Include="Logger\AggregateLogger.h">
      <Filter>Logger</Filter>
    </ClInclude>
    <ClInclude Include="Logger\ConsoleLogger.h">
      <Filter>Logger</Filter>
    </ClInclude>
    <ClInclude Include="Logger\Logger.h">
      <Filter>Logger</Filter>
    </ClInclude>
    <ClInclude Include="Logger\LogMessageProcessor.h">
      <Filter>Logger</Filter>
    </ClInclude>
    <ClInclude Include="Logger\LogMessageContext.h">
      <Filter>Logger</Filter>
    </ClInclude>
    <ClInclude Include="Singleton.h" />
    <ClInclude Include="Network\NetworkServer.h">
      <Filter>Network</Filter>
    </ClInclude>
    <ClInclude Include="Network\SocketOverlappedContext.h">
      <Filter>Network</Filter>
    </ClInclude>
    <ClInclude Include="Network\SocketHandler.h">
      <Filter>Network</Filter>
    </ClInclude>
    <ClInclude Include="Network\NetworkPackage.h">
      <Filter>Network</Filter>
    </ClInclude>
    <ClInclude Include="BlockingQueue.h" />
    <ClInclude Include="MessageProcessors\MessageProcessor.h">
      <Filter>MessageProcessors</Filter>
    </ClInclude>
    <ClInclude Include="MessageProcessors\PcapWriter.h">
      <Filter>MessageProcessors</Filter>
    </ClInclude>
    <ClInclude Include="MessageProcessors\MessageProcessorLogger.h">
      <Filter>MessageProcessors</Filter>
    </ClInclude>
    <ClInclude Include="MessageProcessors\MessageProcessorRTSPMessage.h" />
    <ClInclude Include="RTSP\RTSPMessageParser.h">
      <Filter>RTSP</Filter>
    </ClInclude>
    <ClInclude Include="RTSP\RTSPMessageType.h">
      <Filter>RTSP</Filter>
    </ClInclude>
  </ItemGroup>
  <ItemGroup>
    <ClCompile Include="pch.cpp" />
    <ClCompile Include="XabaRTSPServerLib.cpp" />
    <ClCompile Include="Logger\LoggerFactory.cpp">
      <Filter>Logger</Filter>
    </ClCompile>
    <ClCompile Include="Logger\AggregateLogger.cpp">
      <Filter>Logger</Filter>
    </ClCompile>
    <ClCompile Include="Logger\ConsoleLogger.cpp">
      <Filter>Logger</Filter>
    </ClCompile>
    <ClCompile Include="Logger\Logger.cpp">
      <Filter>Logger</Filter>
    </ClCompile>
    <ClCompile Include="Logger\LogMessageProcessor.cpp">
      <Filter>Logger</Filter>
    </ClCompile>
    <ClCompile Include="Logger\LogMessageContext.cpp">
      <Filter>Logger</Filter>
    </ClCompile>
    <ClCompile Include="Network\NetworkServer.cpp">
      <Filter>Network</Filter>
    </ClCompile>
    <ClCompile Include="Network\SocketOverlappedContext.cpp">
      <Filter>Network</Filter>
    </ClCompile>
    <ClCompile Include="Network\SocketHandler.cpp">
      <Filter>Network</Filter>
    </ClCompile>
    <ClCompile Include="Network\NetworkPackage.cpp">
      <Filter>Network</Filter>
    </ClCompile>
    <ClCompile Include="BlockingQueue.cpp" />
    <ClCompile Include="MessageProcessors\MessageProcessor.cpp">
      <Filter>MessageProcessors</Filter>
    </ClCompile>
    <ClCompile Include="MessageProcessors\PcapWriter.cpp">
      <Filter>MessageProcessors</Filter>
    </ClCompile>
    <ClCompile Include="MessageProcessors\MessageProcessorLogger.cpp">
      <Filter>MessageProcessors</Filter>
    </ClCompile>
    <ClCompile Include="MessageProcessors\MessageProcessorRTSPMessage.cpp" />
    <ClCompile Include="RTSP\RTSPMessageParser.cpp">
      <Filter>RTSP</Filter>
    </ClCompile>
    <ClCompile Include="RTSP\RTSPMessageType.cpp">
      <Filter>RTSP</Filter>
    </ClCompile>
  </ItemGroup>
</Project>