<?xml version="1.0" encoding="utf-8"?>
<Project ToolsVersion="4.0" xmlns="http://schemas.microsoft.com/developer/msbuild/2003">
  <ItemGroup>
    <Filter Include="Resource Files">
      <UniqueIdentifier>{67DA6AB6-F800-4c08-8B7A-83BB121AAD01}</UniqueIdentifier>
      <Extensions>rc;ico;cur;bmp;dlg;rc2;rct;bin;rgs;gif;jpg;jpeg;jpe;resx;tiff;tif;png;wav;mfcribbon-ms</Extensions>
    </Filter>
    <Filter Include="Logger">
      <UniqueIdentifier>{4256a0c5-0be0-46c6-bcfd-39cc44623b4f}</UniqueIdentifier>
    </Filter>
  </ItemGroup>
  <ItemGroup>
    <ClInclude Include="framework.h" />
    <ClInclude Include="pch.h" />
    <ClInclude Include="Logger\LoggerFactory.h">
      <Filter>Logger</Filter>
    </ClInclude>
    <ClInclude Include="Logger\AggregateLogger.h">
      <Filter>Logger</Filter>
    </ClInclude>
    <ClInclude Include="Logger\ConsoleLogger.h">
      <Filter>Logger</Filter>
    </ClInclude>
    <ClInclude Include="Logger\Logger.h">
      <Filter>Logger</Filter>
    </ClInclude>
    <ClInclude Include="Logger\LogMessageProcessor.h">
      <Filter>Logger</Filter>
    </ClInclude>
    <ClInclude Include="Logger\LogMessageContext.h">
      <Filter>Logger</Filter>
    </ClInclude>
    <ClInclude Include="Singleton.h" />
  </ItemGroup>
  <ItemGroup>
    <ClCompile Include="pch.cpp" />
    <ClCompile Include="XabaRTSPServerLib.cpp" />
    <ClCompile Include="Logger\LoggerFactory.cpp">
      <Filter>Logger</Filter>
    </ClCompile>
    <ClCompile Include="Logger\AggregateLogger.cpp">
      <Filter>Logger</Filter>
    </ClCompile>
    <ClCompile Include="Logger\ConsoleLogger.cpp">
      <Filter>Logger</Filter>
    </ClCompile>
    <ClCompile Include="Logger\Logger.cpp">
      <Filter>Logger</Filter>
    </ClCompile>
    <ClCompile Include="Logger\LogMessageProcessor.cpp">
      <Filter>Logger</Filter>
    </ClCompile>
    <ClCompile Include="Logger\LogMessageContext.cpp">
      <Filter>Logger</Filter>
    </ClCompile>
  </ItemGroup>
</Project>