<?xml version="1.0" encoding="utf-8"?>
<Project ToolsVersion="4.0" xmlns="http://schemas.microsoft.com/developer/msbuild/2003">
  <ItemGroup>
    <ClCompile Include="BlockingQueueTest.cpp" />
    <ClCompile Include="pch.cpp" />
    <ClCompile Include="LoggerFactoryTest.cpp">
      <Filter>Logger</Filter>
    </ClCompile>
    <ClCompile Include="ConsoleLoggerTest.cpp">
      <Filter>Logger</Filter>
    </ClCompile>
    <ClCompile Include="AggregateLoggerTest.cpp">
      <Filter>Logger</Filter>
    </ClCompile>
    <ClCompile Include="TestLogger.cpp">
      <Filter>Logger</Filter>
    </ClCompile>
    <ClCompile Include="MessageProcessorTest.cpp">
      <Filter>MessageProcessors</Filter>
    </ClCompile>
    <ClCompile Include="..\XabaRTSPServerLib\MessageProcessors\PcapWriter.cpp" />
    <ClCompile Include="NetworkServerTest.cpp">
      <Filter>Network</Filter>
    </ClCompile>
    <ClCompile Include="NetworkTestClient.cpp">
      <Filter>Network</Filter>
    </ClCompile>
    <ClCompile Include="RTSP\RTSPMessageParserTest.cpp">
      <Filter>RTSP</Filter>
    </ClCompile>
    <ClCompile Include="RTSP\RTSPMessageProcessorTest.cpp">
      <Filter>RTSP</Filter>
    </ClCompile>
    <ClCompile Include="NetworkUtilityTest.cpp">
      <Filter>Network</Filter>
    </ClCompile>
  </ItemGroup>
  <ItemGroup>
    <ClInclude Include="pch.h" />
    <ClInclude Include="TestLogger.h">
      <Filter>Logger</Filter>
    </ClInclude>
    <ClInclude Include="..\XabaRTSPServerLib\MessageProcessors\PcapWriter.h" />
    <ClInclude Include="NetworkTestClient.h">
      <Filter>Network</Filter>
    </ClInclude>
  </ItemGroup>
  <ItemGroup>
    <None Include="packages.config" />
  </ItemGroup>
  <ItemGroup>
    <Filter Include="Logger">
      <UniqueIdentifier>{56cbb300-cb63-4468-8f9b-2159dbff6401}</UniqueIdentifier>
    </Filter>
    <Filter Include="MessageProcessors">
      <UniqueIdentifier>{679cfe1a-e1d4-4edd-9d9e-5a6789eb1e1c}</UniqueIdentifier>
    </Filter>
    <Filter Include="Network">
      <UniqueIdentifier>{12ea6138-f8f1-4c6e-8a54-858a67f587cc}</UniqueIdentifier>
    </Filter>
    <Filter Include="RTSP">
      <UniqueIdentifier>{09e731b6-1d93-4074-a746-5f8b29544bbe}</UniqueIdentifier>
    </Filter>
  </ItemGroup>
</Project>